
Microsoft Visual Studio Solution File, Format Version 12.00
# Visual Studio Version 16
VisualStudioVersion = 16.0.30621.155
MinimumVisualStudioVersion = 10.0.40219.1
Project("{FAE04EC0-301F-11D3-BF4B-00C04F79EFBC}") = "Muresan_Andreea_Lab6", "Muresan_Andreea_Lab6\Muresan_Andreea_Lab6.csproj", "{1ECACD4D-C8AB-4402-9B9E-D76F44D44C38}"
EndProject
Project("{FAE04EC0-301F-11D3-BF4B-00C04F79EFBC}") = "AutoLotModel", "AutoLotModel\AutoLotModel.csproj", "{F7B1AF43-5585-4EDB-A5D0-668C01ED8516}"
EndProject
Global
	GlobalSection(SolutionConfigurationPlatforms) = preSolution
		Debug|Any CPU = Debug|Any CPU
		Release|Any CPU = Release|Any CPU
	EndGlobalSection
	GlobalSection(ProjectConfigurationPlatforms) = postSolution
		{1ECACD4D-C8AB-4402-9B9E-D76F44D44C38}.Debug|Any CPU.ActiveCfg = Debug|Any CPU
		{1ECACD4D-C8AB-4402-9B9E-D76F44D44C38}.Debug|Any CPU.Build.0 = Debug|Any CPU
		{1ECACD4D-C8AB-4402-9B9E-D76F44D44C38}.Release|Any CPU.ActiveCfg = Release|Any CPU
		{1ECACD4D-C8AB-4402-9B9E-D76F44D44C38}.Release|Any CPU.Build.0 = Release|Any CPU
		{F7B1AF43-5585-4EDB-A5D0-668C01ED8516}.Debug|Any CPU.ActiveCfg = Debug|Any CPU
		{F7B1AF43-5585-4EDB-A5D0-668C01ED8516}.Debug|Any CPU.Build.0 = Debug|Any CPU
		{F7B1AF43-5585-4EDB-A5D0-668C01ED8516}.Release|Any CPU.ActiveCfg = Release|Any CPU
		{F7B1AF43-5585-4EDB-A5D0-668C01ED8516}.Release|Any CPU.Build.0 = Release|Any CPU
	EndGlobalSection
	GlobalSection(SolutionProperties) = preSolution
		HideSolutionNode = FALSE
	EndGlobalSection
	GlobalSection(ExtensibilityGlobals) = postSolution
		SolutionGuid = {6363F673-7B07-4F83-9E18-6A3C2729529E}
	EndGlobalSection
EndGlobal
